
Microsoft Visual Studio Solution File, Format Version 12.00
# Visual Studio Version 17
VisualStudioVersion = 17.5.33530.505
MinimumVisualStudioVersion = 10.0.40219.1
Project("{54A90642-561A-4BB1-A94E-469ADEE60C69}") = "AngularApp", "angularapp\AngularApp.esproj", "{B0C84B21-E45B-4CB1-9DAF-27E228C3EB8B}"
EndProject
Project("{9A19103F-16F7-4668-BE54-9A1E7A4F7556}") = "WebApi", "webapi\WebApi.csproj", "{3895DACD-8980-4497-BDCC-EFD69CABE63A}"
EndProject
Global
	GlobalSection(SolutionConfigurationPlatforms) = preSolution
		Debug|Any CPU = Debug|Any CPU
		Release|Any CPU = Release|Any CPU
	EndGlobalSection
	GlobalSection(ProjectConfigurationPlatforms) = postSolution
		{B0C84B21-E45B-4CB1-9DAF-27E228C3EB8B}.Debug|Any CPU.ActiveCfg = Debug|Any CPU
		{B0C84B21-E45B-4CB1-9DAF-27E228C3EB8B}.Debug|Any CPU.Build.0 = Debug|Any CPU
		{B0C84B21-E45B-4CB1-9DAF-27E228C3EB8B}.Debug|Any CPU.Deploy.0 = Debug|Any CPU
		{B0C84B21-E45B-4CB1-9DAF-27E228C3EB8B}.Release|Any CPU.ActiveCfg = Release|Any CPU
		{B0C84B21-E45B-4CB1-9DAF-27E228C3EB8B}.Release|Any CPU.Build.0 = Release|Any CPU
		{B0C84B21-E45B-4CB1-9DAF-27E228C3EB8B}.Release|Any CPU.Deploy.0 = Release|Any CPU
		{3895DACD-8980-4497-BDCC-EFD69CABE63A}.Debug|Any CPU.ActiveCfg = Debug|Any CPU
		{3895DACD-8980-4497-BDCC-EFD69CABE63A}.Debug|Any CPU.Build.0 = Debug|Any CPU
		{3895DACD-8980-4497-BDCC-EFD69CABE63A}.Release|Any CPU.ActiveCfg = Release|Any CPU
		{3895DACD-8980-4497-BDCC-EFD69CABE63A}.Release|Any CPU.Build.0 = Release|Any CPU
	EndGlobalSection
	GlobalSection(SolutionProperties) = preSolution
		HideSolutionNode = FALSE
	EndGlobalSection
	GlobalSection(ExtensibilityGlobals) = postSolution
		SolutionGuid = {D599B816-9D57-46E1-99B7-9D4B668156A0}
	EndGlobalSection
EndGlobal
